
Microsoft Visual Studio Solution File, Format Version 12.00
# Visual Studio Version 17
VisualStudioVersion = 17.2.32630.192
MinimumVisualStudioVersion = 10.0.40219.1
Project("{FAE04EC0-301F-11D3-BF4B-00C04F79EFBC}") = "epitmenyado", "epitmenyado\epitmenyado.csproj", "{18A267A1-0608-4DCB-A58B-69F47916ADCF}"
EndProject
Global
	GlobalSection(SolutionConfigurationPlatforms) = preSolution
		Debug|Any CPU = Debug|Any CPU
		Release|Any CPU = Release|Any CPU
	EndGlobalSection
	GlobalSection(ProjectConfigurationPlatforms) = postSolution
		{18A267A1-0608-4DCB-A58B-69F47916ADCF}.Debug|Any CPU.ActiveCfg = Debug|Any CPU
		{18A267A1-0608-4DCB-A58B-69F47916ADCF}.Debug|Any CPU.Build.0 = Debug|Any CPU
		{18A267A1-0608-4DCB-A58B-69F47916ADCF}.Release|Any CPU.ActiveCfg = Release|Any CPU
		{18A267A1-0608-4DCB-A58B-69F47916ADCF}.Release|Any CPU.Build.0 = Release|Any CPU
	EndGlobalSection
	GlobalSection(SolutionProperties) = preSolution
		HideSolutionNode = FALSE
	EndGlobalSection
	GlobalSection(ExtensibilityGlobals) = postSolution
		SolutionGuid = {8D1C396E-A20C-4C3B-9021-EEEBBA52CC9D}
	EndGlobalSection
EndGlobal
